# Generated by pub
# See https://dart.dev/tools/pub/glossary#lockfile
packages:
  collection:
    dependency: "direct main"
    description:
      name: collection
      sha256: "a1ace0a119f20aabc852d165687c8f24c76e5bb0a5b8ce4d05e1cf1d0e12b0f2"
      url: "https://pub.dev"
    source: hosted
    version: "1.19.0"
  http:
    dependency: "direct main"
    description:
      name: http
      sha256: "b9c29a161230ee03d3ec78e739c3a1e5c1d4fe2a5b6b3d2f9e6d0d1e2f3a4b5c"
      url: "https://pub.dev"
    source: hosted
    version: "1.2.2"
  internal_widgets:
    dependency: "direct main"
    description:
      path: "packages/internal_widgets"
      relative: true
    source: path
    version: "0.1.0"
  some_fork:
    dependency: "direct main"
    description:
      path: "."
      ref: main
      resolved-ref: "d0cf1a5f0f4b1d3f0a2c5d6e7f8091a2b3c4d5e6"
      url: "https://github.com/acme/some_fork.git"
    source: git
    version: "0.3.0"
sdks:
  dart: ">=3.5.0 <4.0.0"
